
Microsoft Visual Studio Solution File, Format Version 12.00
# Visual Studio Version 17
VisualStudioVersion = 17.7.34018.315
MinimumVisualStudioVersion = 10.0.40219.1
Project("{9A19103F-16F7-4668-BE54-9A1E7A4F7556}") = "TiposDeUsuario", "..\TiposDeUsuario\TiposDeUsuario.csproj", "{1717995C-C025-4A4D-AA40-7F36F74CE590}"
EndProject
Project("{9A19103F-16F7-4668-BE54-9A1E7A4F7556}") = "FormSysacad", "..\FormSysacad\FormSysacad.csproj", "{B342BD16-AAAC-4600-B18F-0BE72CCC36DB}"
EndProject
Project("{9A19103F-16F7-4668-BE54-9A1E7A4F7556}") = "AccesoriosUtils", "AccesoriosUtils\AccesoriosUtils.csproj", "{E59BA5A2-A434-45BD-B4C6-160E3FB4E323}"
EndProject
Project("{FAE04EC0-301F-11D3-BF4B-00C04F79EFBC}") = "Cursos", "Cursos\Cursos.csproj", "{07D03CDB-4C27-4DF4-8889-0A211B07AE01}"
EndProject
Global
	GlobalSection(SolutionConfigurationPlatforms) = preSolution
		Debug|Any CPU = Debug|Any CPU
		Release|Any CPU = Release|Any CPU
	EndGlobalSection
	GlobalSection(ProjectConfigurationPlatforms) = postSolution
		{1717995C-C025-4A4D-AA40-7F36F74CE590}.Debug|Any CPU.ActiveCfg = Debug|Any CPU
		{1717995C-C025-4A4D-AA40-7F36F74CE590}.Debug|Any CPU.Build.0 = Debug|Any CPU
		{1717995C-C025-4A4D-AA40-7F36F74CE590}.Release|Any CPU.ActiveCfg = Release|Any CPU
		{1717995C-C025-4A4D-AA40-7F36F74CE590}.Release|Any CPU.Build.0 = Release|Any CPU
		{B342BD16-AAAC-4600-B18F-0BE72CCC36DB}.Debug|Any CPU.ActiveCfg = Debug|Any CPU
		{B342BD16-AAAC-4600-B18F-0BE72CCC36DB}.Debug|Any CPU.Build.0 = Debug|Any CPU
		{B342BD16-AAAC-4600-B18F-0BE72CCC36DB}.Release|Any CPU.ActiveCfg = Release|Any CPU
		{B342BD16-AAAC-4600-B18F-0BE72CCC36DB}.Release|Any CPU.Build.0 = Release|Any CPU
		{E59BA5A2-A434-45BD-B4C6-160E3FB4E323}.Debug|Any CPU.ActiveCfg = Debug|Any CPU
		{E59BA5A2-A434-45BD-B4C6-160E3FB4E323}.Debug|Any CPU.Build.0 = Debug|Any CPU
		{E59BA5A2-A434-45BD-B4C6-160E3FB4E323}.Release|Any CPU.ActiveCfg = Release|Any CPU
		{E59BA5A2-A434-45BD-B4C6-160E3FB4E323}.Release|Any CPU.Build.0 = Release|Any CPU
		{07D03CDB-4C27-4DF4-8889-0A211B07AE01}.Debug|Any CPU.ActiveCfg = Debug|Any CPU
		{07D03CDB-4C27-4DF4-8889-0A211B07AE01}.Debug|Any CPU.Build.0 = Debug|Any CPU
		{07D03CDB-4C27-4DF4-8889-0A211B07AE01}.Release|Any CPU.ActiveCfg = Release|Any CPU
		{07D03CDB-4C27-4DF4-8889-0A211B07AE01}.Release|Any CPU.Build.0 = Release|Any CPU
	EndGlobalSection
	GlobalSection(SolutionProperties) = preSolution
		HideSolutionNode = FALSE
	EndGlobalSection
	GlobalSection(ExtensibilityGlobals) = postSolution
		SolutionGuid = {20328D5F-9021-4856-ABF0-B836BF691932}
	EndGlobalSection
EndGlobal
